
Microsoft Visual Studio Solution File, Format Version 12.00
# Visual Studio 15
VisualStudioVersion = 15.0.28307.136
MinimumVisualStudioVersion = 10.0.40219.1
Project("{FAE04EC0-301F-11D3-BF4B-00C04F79EFBC}") = "Bog", "Bog\Bog.csproj", "{383EFD76-867A-45E9-8EFF-1184E9DC4AC2}"
EndProject
Global
	GlobalSection(SolutionConfigurationPlatforms) = preSolution
		Debug|Any CPU = Debug|Any CPU
		Release|Any CPU = Release|Any CPU
	EndGlobalSection
	GlobalSection(ProjectConfigurationPlatforms) = postSolution
		{383EFD76-867A-45E9-8EFF-1184E9DC4AC2}.Debug|Any CPU.ActiveCfg = Debug|Any CPU
		{383EFD76-867A-45E9-8EFF-1184E9DC4AC2}.Debug|Any CPU.Build.0 = Debug|Any CPU
		{383EFD76-867A-45E9-8EFF-1184E9DC4AC2}.Release|Any CPU.ActiveCfg = Release|Any CPU
		{383EFD76-867A-45E9-8EFF-1184E9DC4AC2}.Release|Any CPU.Build.0 = Release|Any CPU
	EndGlobalSection
	GlobalSection(SolutionProperties) = preSolution
		HideSolutionNode = FALSE
	EndGlobalSection
	GlobalSection(ExtensibilityGlobals) = postSolution
		SolutionGuid = {BB6BA903-F908-4E0A-9A74-230D79F800D9}
	EndGlobalSection
EndGlobal
